
Microsoft Visual Studio Solution File, Format Version 12.00
# Visual Studio 2015
Project("{FAE04EC0-301F-11D3-BF4B-00C04F79EFBC}") = "TrumpProject.CSharp.Plugins", "TrumpProject.CSharp.Plugins.csproj", "{53CB4234-4C03-F0D6-92C3-4B04A50A5497}"
EndProject
Project("{FAE04EC0-301F-11D3-BF4B-00C04F79EFBC}") = "TrumpProject.CSharp", "TrumpProject.CSharp.csproj", "{C579D7B6-EF37-6A89-3AA0-38E3F5862853}"
EndProject
Project("{FAE04EC0-301F-11D3-BF4B-00C04F79EFBC}") = "TrumpProject.CSharp.Editor", "TrumpProject.CSharp.Editor.csproj", "{14E15140-3F90-CA49-A0D7-35098BA954FF}"
EndProject
Global
	GlobalSection(SolutionConfigurationPlatforms) = preSolution
		Debug|Any CPU = Debug|Any CPU
		Release|Any CPU = Release|Any CPU
	EndGlobalSection
	GlobalSection(ProjectConfigurationPlatforms) = postSolution
		{53CB4234-4C03-F0D6-92C3-4B04A50A5497}.Debug|Any CPU.ActiveCfg = Debug|Any CPU
		{53CB4234-4C03-F0D6-92C3-4B04A50A5497}.Debug|Any CPU.Build.0 = Debug|Any CPU
		{53CB4234-4C03-F0D6-92C3-4B04A50A5497}.Release|Any CPU.ActiveCfg = Release|Any CPU
		{53CB4234-4C03-F0D6-92C3-4B04A50A5497}.Release|Any CPU.Build.0 = Release|Any CPU
		{C579D7B6-EF37-6A89-3AA0-38E3F5862853}.Debug|Any CPU.ActiveCfg = Debug|Any CPU
		{C579D7B6-EF37-6A89-3AA0-38E3F5862853}.Debug|Any CPU.Build.0 = Debug|Any CPU
		{C579D7B6-EF37-6A89-3AA0-38E3F5862853}.Release|Any CPU.ActiveCfg = Release|Any CPU
		{C579D7B6-EF37-6A89-3AA0-38E3F5862853}.Release|Any CPU.Build.0 = Release|Any CPU
		{14E15140-3F90-CA49-A0D7-35098BA954FF}.Debug|Any CPU.ActiveCfg = Debug|Any CPU
		{14E15140-3F90-CA49-A0D7-35098BA954FF}.Debug|Any CPU.Build.0 = Debug|Any CPU
		{14E15140-3F90-CA49-A0D7-35098BA954FF}.Release|Any CPU.ActiveCfg = Release|Any CPU
		{14E15140-3F90-CA49-A0D7-35098BA954FF}.Release|Any CPU.Build.0 = Release|Any CPU
	EndGlobalSection
	GlobalSection(SolutionProperties) = preSolution
		HideSolutionNode = FALSE
	EndGlobalSection
EndGlobal
