Microsoft Visual Studio Solution File, Format Version 11.00
# Visual Studio 2008

Project("{FBF56790-CC81-111D-7440-3A6A1534B25E}") = "TrumpProject", "Assembly-CSharp-firstpass.csproj", "{72438DB8-F158-7C0D-5268-61346D18ED3D}"
EndProject
Project("{FBF56790-CC81-111D-7440-3A6A1534B25E}") = "TrumpProject", "Assembly-CSharp.csproj", "{97A9603D-D37B-F42B-D4F0-FAC13FE13BFB}"
EndProject
Project("{FBF56790-CC81-111D-7440-3A6A1534B25E}") = "TrumpProject", "Assembly-CSharp-Editor.csproj", "{4A47FC06-CBBE-CB2C-3525-A329D42E7679}"
EndProject
Global
	GlobalSection(SolutionConfigurationPlatforms) = preSolution
		Debug|Any CPU = Debug|Any CPU
		Release|Any CPU = Release|Any CPU
	EndGlobalSection
	GlobalSection(ProjectConfigurationPlatforms) = postSolution
		{72438DB8-F158-7C0D-5268-61346D18ED3D}.Debug|Any CPU.ActiveCfg = Debug|Any CPU
		{72438DB8-F158-7C0D-5268-61346D18ED3D}.Debug|Any CPU.Build.0 = Debug|Any CPU
		{72438DB8-F158-7C0D-5268-61346D18ED3D}.Release|Any CPU.ActiveCfg = Release|Any CPU
		{72438DB8-F158-7C0D-5268-61346D18ED3D}.Release|Any CPU.Build.0 = Release|Any CPU
		{97A9603D-D37B-F42B-D4F0-FAC13FE13BFB}.Debug|Any CPU.ActiveCfg = Debug|Any CPU
		{97A9603D-D37B-F42B-D4F0-FAC13FE13BFB}.Debug|Any CPU.Build.0 = Debug|Any CPU
		{97A9603D-D37B-F42B-D4F0-FAC13FE13BFB}.Release|Any CPU.ActiveCfg = Release|Any CPU
		{97A9603D-D37B-F42B-D4F0-FAC13FE13BFB}.Release|Any CPU.Build.0 = Release|Any CPU
		{4A47FC06-CBBE-CB2C-3525-A329D42E7679}.Debug|Any CPU.ActiveCfg = Debug|Any CPU
		{4A47FC06-CBBE-CB2C-3525-A329D42E7679}.Debug|Any CPU.Build.0 = Debug|Any CPU
		{4A47FC06-CBBE-CB2C-3525-A329D42E7679}.Release|Any CPU.ActiveCfg = Release|Any CPU
		{4A47FC06-CBBE-CB2C-3525-A329D42E7679}.Release|Any CPU.Build.0 = Release|Any CPU
	EndGlobalSection
	GlobalSection(SolutionProperties) = preSolution
		HideSolutionNode = FALSE
	EndGlobalSection
	GlobalSection(MonoDevelopProperties) = preSolution
		StartupItem = Assembly-CSharp.csproj
	EndGlobalSection
EndGlobal
